dependencies:
  idf:
    source:
      type: idf
    version: 5.5.0
  k0i05/esp_type_utils:
    dependencies: []
    source:
      path: /home/caden/code/esp32_sunlight_sensor
      type: local
    version: '*'
direct_dependencies:
- idf
- k0i05/esp_type_utils
manifest_hash: dfe62faf89393fd613bacb2cc9160fa55412f790262907d38d5d25f475b8f7c6
target: esp32c3
version: 2.0.0
