dependencies:
  idf:
    component_hash: null
    source:
      type: idf
    version: 5.4.1
  k0i05/esp_type_utils:
    component_hash: null
    source:
      path: /home/caden/code/esp32_sunlight_sensor
      type: local
    version: '*'
manifest_hash: f609b8bcf21cd9726527d9a8fd84dec7caebbb51685bbb40a63fe93120d53350
target: esp32s3
version: 1.0.0
